
Microsoft Visual Studio Solution File, Format Version 12.00
# Visual Studio 15
VisualStudioVersion = 15.0.28010.2046
MinimumVisualStudioVersion = 10.0.40219.1
Project("{FAE04EC0-301F-11D3-BF4B-00C04F79EFBC}") = "SignChain", "SignChain\SignChain.csproj", "{AB79AB29-24AD-4189-B61F-10BA65BEE43F}"
EndProject
Project("{FAE04EC0-301F-11D3-BF4B-00C04F79EFBC}") = "SignChain.Resource", "SignChain.Resource\SignChain.Resource.csproj", "{5E595B9F-3A34-452E-8432-F4AF8EC81096}"
EndProject
Global
	GlobalSection(SolutionConfigurationPlatforms) = preSolution
		Debug|Any CPU = Debug|Any CPU
		Release|Any CPU = Release|Any CPU
	EndGlobalSection
	GlobalSection(ProjectConfigurationPlatforms) = postSolution
		{AB79AB29-24AD-4189-B61F-10BA65BEE43F}.Debug|Any CPU.ActiveCfg = Debug|Any CPU
		{AB79AB29-24AD-4189-B61F-10BA65BEE43F}.Debug|Any CPU.Build.0 = Debug|Any CPU
		{AB79AB29-24AD-4189-B61F-10BA65BEE43F}.Release|Any CPU.ActiveCfg = Release|Any CPU
		{AB79AB29-24AD-4189-B61F-10BA65BEE43F}.Release|Any CPU.Build.0 = Release|Any CPU
		{5E595B9F-3A34-452E-8432-F4AF8EC81096}.Debug|Any CPU.ActiveCfg = Debug|Any CPU
		{5E595B9F-3A34-452E-8432-F4AF8EC81096}.Debug|Any CPU.Build.0 = Debug|Any CPU
		{5E595B9F-3A34-452E-8432-F4AF8EC81096}.Release|Any CPU.ActiveCfg = Release|Any CPU
		{5E595B9F-3A34-452E-8432-F4AF8EC81096}.Release|Any CPU.Build.0 = Release|Any CPU
	EndGlobalSection
	GlobalSection(SolutionProperties) = preSolution
		HideSolutionNode = FALSE
	EndGlobalSection
	GlobalSection(ExtensibilityGlobals) = postSolution
		SolutionGuid = {4C5DFA44-2A8C-4A6C-B937-063A944330B2}
	EndGlobalSection
EndGlobal
